<?xml version="1.0" encoding="utf-8"?>
<Project ToolsVersion="4.0" xmlns="http://schemas.microsoft.com/developer/msbuild/2003">
  <ItemGroup>
    <Filter Include="源文件">
      <UniqueIdentifier>{4FC737F1-C7A5-4376-A066-2A32D752A2FF}</UniqueIdentifier>
      <Extensions>cpp;c;cc;cxx;def;odl;idl;hpj;bat;asm;asmx</Extensions>
    </Filter>
    <Filter Include="头文件">
      <UniqueIdentifier>{93995380-89BD-4b04-88EB-625FBE52EBFB}</UniqueIdentifier>
      <Extensions>h;hpp;hxx;hm;inl;inc;xsd</Extensions>
    </Filter>
    <Filter Include="资源文件">
      <UniqueIdentifier>{67DA6AB6-F800-4c08-8B7A-83BB121AAD01}</UniqueIdentifier>
      <Extensions>rc;ico;cur;bmp;dlg;rc2;rct;bin;rgs;gif;jpg;jpeg;jpe;resx;tiff;tif;png;wav;mfcribbon-ms</Extensions>
    </Filter>
  </ItemGroup>
  <ItemGroup>
    <None Include="ReadMe.txt" />
    <None Include="res\MFCGame.rc2">
      <Filter>资源文件</Filter>
    </None>
    <None Include="res\MFCGame.ico">
      <Filter>资源文件</Filter>
    </None>
    <None Include="..\Resources\CloseNormal.png">
      <Filter>资源文件</Filter>
    </None>
    <None Include="..\Resources\CloseSelected.png">
      <Filter>资源文件</Filter>
    </None>
    <None Include="..\Resources\aa.png">
      <Filter>资源文件</Filter>
    </None>
    <None Include="..\Resources\tilemap.tmx">
      <Filter>资源文件</Filter>
    </None>
    <None Include="..\Resources\tmw_desert_spacing.png">
      <Filter>资源文件</Filter>
    </None>
    <None Include="..\Resources\sss.tmx">
      <Filter>资源文件</Filter>
    </None>
    <None Include="res\Player.png">
      <Filter>资源文件</Filter>
    </None>
  </ItemGroup>
  <ItemGroup>
    <ClInclude Include="MFCGame.h">
      <Filter>头文件</Filter>
    </ClInclude>
    <ClInclude Include="MFCGameDlg.h">
      <Filter>头文件</Filter>
    </ClInclude>
    <ClInclude Include="stdafx.h">
      <Filter>头文件</Filter>
    </ClInclude>
    <ClInclude Include="targetver.h">
      <Filter>头文件</Filter>
    </ClInclude>
    <ClInclude Include="Resource.h">
      <Filter>头文件</Filter>
    </ClInclude>
    <ClInclude Include="..\..\Classes\AppDelegate.h">
      <Filter>头文件</Filter>
    </ClInclude>
    <ClInclude Include="..\..\Classes\AppMacros.h">
      <Filter>头文件</Filter>
    </ClInclude>
    <ClInclude Include="..\..\Classes\HelloWorldScene.h">
      <Filter>头文件</Filter>
    </ClInclude>
    <ClInclude Include="HudLayer.h">
      <Filter>头文件</Filter>
    </ClInclude>
    <ClInclude Include="PathSprite.h">
      <Filter>头文件</Filter>
    </ClInclude>
    <ClInclude Include="PathSearchInfo.h">
      <Filter>头文件</Filter>
    </ClInclude>
    <ClInclude Include="Car.h">
      <Filter>头文件</Filter>
    </ClInclude>
    <ClInclude Include="MathLogic.h">
      <Filter>头文件</Filter>
    </ClInclude>
    <ClInclude Include="StaticValue.h">
      <Filter>头文件</Filter>
    </ClInclude>
    <ClInclude Include="Command.h">
      <Filter>头文件</Filter>
    </ClInclude>
    <ClInclude Include="Paddle.h">
      <Filter>头文件</Filter>
    </ClInclude>
    <ClInclude Include="Workspace.h">
      <Filter>头文件</Filter>
    </ClInclude>
    <ClInclude Include="Gasstation.h">
      <Filter>头文件</Filter>
    </ClInclude>
    <ClInclude Include="stop.h">
      <Filter>头文件</Filter>
    </ClInclude>
  </ItemGroup>
  <ItemGroup>
    <ClCompile Include="MFCGame.cpp">
      <Filter>源文件</Filter>
    </ClCompile>
    <ClCompile Include="MFCGameDlg.cpp">
      <Filter>源文件</Filter>
    </ClCompile>
    <ClCompile Include="stdafx.cpp">
      <Filter>源文件</Filter>
    </ClCompile>
    <ClCompile Include="..\..\Classes\AppDelegate.cpp">
      <Filter>源文件</Filter>
    </ClCompile>
    <ClCompile Include="..\..\Classes\HelloWorldScene.cpp">
      <Filter>源文件</Filter>
    </ClCompile>
    <ClCompile Include="HudLayer.cpp">
      <Filter>源文件</Filter>
    </ClCompile>
    <ClCompile Include="PathSprite.cpp">
      <Filter>源文件</Filter>
    </ClCompile>
    <ClCompile Include="PathSearchInfo.cpp">
      <Filter>源文件</Filter>
    </ClCompile>
    <ClCompile Include="Car.cpp">
      <Filter>源文件</Filter>
    </ClCompile>
    <ClCompile Include="MathLogic.cpp">
      <Filter>源文件</Filter>
    </ClCompile>
    <ClCompile Include="StaticValue.cpp">
      <Filter>源文件</Filter>
    </ClCompile>
    <ClCompile Include="Command.cpp">
      <Filter>源文件</Filter>
    </ClCompile>
    <ClCompile Include="Paddle.cpp">
      <Filter>源文件</Filter>
    </ClCompile>
    <ClCompile Include="Workspace.cpp">
      <Filter>源文件</Filter>
    </ClCompile>
    <ClCompile Include="Gasstation.cpp">
      <Filter>源文件</Filter>
    </ClCompile>
    <ClCompile Include="stop.cpp">
      <Filter>源文件</Filter>
    </ClCompile>
  </ItemGroup>
  <ItemGroup>
    <ResourceCompile Include="MFCGame.rc">
      <Filter>资源文件</Filter>
    </ResourceCompile>
  </ItemGroup>
</Project>